// !$*UTF8*$!
{
	archiveVersion = 1;
	classes = {
	};
	objectVersion = 46;
	objects = {

/* Begin PBXBuildFile section */
		10B74844BDC2EEF297689DCC /* Pods_TwitchTheTatManTests.framework in Frameworks */ = {isa = PBXBuildFile; fileRef = 844BA00927B2EA320677BA1C /* Pods_TwitchTheTatManTests.framework */; };
		1C089046081BD27F35603417 /* Pods_TwitchTheTatMan.framework in Frameworks */ = {isa = PBXBuildFile; fileRef = B3BD92598C02D639A31CC9EF /* Pods_TwitchTheTatMan.framework */; };
		7D0C49891DB0872D001B05B9 /* AppDelegate.swift in Sources */ = {isa = PBXBuildFile; fileRef = 7D0C49881DB0872D001B05B9 /* AppDelegate.swift */; };
		7D0C498B1DB0872D001B05B9 /* ViewController.swift in Sources */ = {isa = PBXBuildFile; fileRef = 7D0C498A1DB0872D001B05B9 /* ViewController.swift */; };
		7D0C498E1DB0872D001B05B9 /* Main.storyboard in Resources */ = {isa = PBXBuildFile; fileRef = 7D0C498C1DB0872D001B05B9 /* Main.storyboard */; };
		7D0C49901DB0872D001B05B9 /* Assets.xcassets in Resources */ = {isa = PBXBuildFile; fileRef = 7D0C498F1DB0872D001B05B9 /* Assets.xcassets */; };
		7D0C499B1DB0872D001B05B9 /* TwitchTheTatManTests.swift in Sources */ = {isa = PBXBuildFile; fileRef = 7D0C499A1DB0872D001B05B9 /* TwitchTheTatManTests.swift */; };
		7DA8B00C1DB0890F00046277 /* Constants.swift in Sources */ = {isa = PBXBuildFile; fileRef = 7DA8B00B1DB0890F00046277 /* Constants.swift */; };
		7DA8B00E1DB08B5300046277 /* TwitchClient.swift in Sources */ = {isa = PBXBuildFile; fileRef = 7DA8B00D1DB08B5300046277 /* TwitchClient.swift */; };
/* End PBXBuildFile section */

/* Begin PBXContainerItemProxy section */
		7D0C49971DB0872D001B05B9 /* PBXContainerItemProxy */ = {
			isa = PBXContainerItemProxy;
			containerPortal = 7D0C497D1DB0872D001B05B9 /* Project object */;
			proxyType = 1;
			remoteGlobalIDString = 7D0C49841DB0872D001B05B9;
			remoteInfo = TwitchTheTatMan;
		};
/* End PBXContainerItemProxy section */

/* Begin PBXFileReference section */
		0D6F7257E2F195D5ABBEDF4C /* Pods-TwitchTheTatMan.release.xcconfig */ = {isa = PBXFileReference; includeInIndex = 1; lastKnownFileType = text.xcconfig; name = "Pods-TwitchTheTatMan.release.xcconfig"; path = "Pods/Target Support Files/Pods-TwitchTheTatMan/Pods-TwitchTheTatMan.release.xcconfig"; sourceTree = "<group>"; };
		2A05EB86AC125957CA53ED07 /* Pods-TwitchTheTatManTests.release.xcconfig */ = {isa = PBXFileReference; includeInIndex = 1; lastKnownFileType = text.xcconfig; name = "Pods-TwitchTheTatManTests.release.xcconfig"; path = "Pods/Target Support Files/Pods-TwitchTheTatManTests/Pods-TwitchTheTatManTests.release.xcconfig"; sourceTree = "<group>"; };
		7988502186D14E07D5DEC359 /* Pods-TwitchTheTatManTests.debug.xcconfig */ = {isa = PBXFileReference; includeInIndex = 1; lastKnownFileType = text.xcconfig; name = "Pods-TwitchTheTatManTests.debug.xcconfig"; path = "Pods/Target Support Files/Pods-TwitchTheTatManTests/Pods-TwitchTheTatManTests.debug.xcconfig"; sourceTree = "<group>"; };
		7D0C49851DB0872D001B05B9 /* TwitchTheTatMan.app */ = {isa = PBXFileReference; explicitFileType = wrapper.application; includeInIndex = 0; path = TwitchTheTatMan.app; sourceTree = BUILT_PRODUCTS_DIR; };
		7D0C49881DB0872D001B05B9 /* AppDelegate.swift */ = {isa = PBXFileReference; lastKnownFileType = sourcecode.swift; path = AppDelegate.swift; sourceTree = "<group>"; };
		7D0C498A1DB0872D001B05B9 /* ViewController.swift */ = {isa = PBXFileReference; lastKnownFileType = sourcecode.swift; path = ViewController.swift; sourceTree = "<group>"; };
		7D0C498D1DB0872D001B05B9 /* Base */ = {isa = PBXFileReference; lastKnownFileType = file.storyboard; name = Base; path = Base.lproj/Main.storyboard; sourceTree = "<group>"; };
		7D0C498F1DB0872D001B05B9 /* Assets.xcassets */ = {isa = PBXFileReference; lastKnownFileType = folder.assetcatalog; path = Assets.xcassets; sourceTree = "<group>"; };
		7D0C49911DB0872D001B05B9 /* Info.plist */ = {isa = PBXFileReference; lastKnownFileType = text.plist.xml; path = Info.plist; sourceTree = "<group>"; };
		7D0C49961DB0872D001B05B9 /* TwitchTheTatManTests.xctest */ = {isa = PBXFileReference; explicitFileType = wrapper.cfbundle; includeInIndex = 0; path = TwitchTheTatManTests.xctest; sourceTree = BUILT_PRODUCTS_DIR; };
		7D0C499A1DB0872D001B05B9 /* TwitchTheTatManTests.swift */ = {isa = PBXFileReference; lastKnownFileType = sourcecode.swift; path = TwitchTheTatManTests.swift; sourceTree = "<group>"; };
		7D0C499C1DB0872D001B05B9 /* Info.plist */ = {isa = PBXFileReference; lastKnownFileType = text.plist.xml; path = Info.plist; sourceTree = "<group>"; };
		7DA8B00B1DB0890F00046277 /* Constants.swift */ = {isa = PBXFileReference; fileEncoding = 4; lastKnownFileType = sourcecode.swift; path = Constants.swift; sourceTree = "<group>"; };
		7DA8B00D1DB08B5300046277 /* TwitchClient.swift */ = {isa = PBXFileReference; fileEncoding = 4; lastKnownFileType = sourcecode.swift; path = TwitchClient.swift; sourceTree = "<group>"; };
		844BA00927B2EA320677BA1C /* Pods_TwitchTheTatManTests.framework */ = {isa = PBXFileReference; explicitFileType = wrapper.framework; includeInIndex = 0; path = Pods_TwitchTheTatManTests.framework; sourceTree = BUILT_PRODUCTS_DIR; };
		B3BD92598C02D639A31CC9EF /* Pods_TwitchTheTatMan.framework */ = {isa = PBXFileReference; explicitFileType = wrapper.framework; includeInIndex = 0; path = Pods_TwitchTheTatMan.framework; sourceTree = BUILT_PRODUCTS_DIR; };
		BEC20F0E4F679F37ED6EB9B5 /* Pods-TwitchTheTatMan.debug.xcconfig */ = {isa = PBXFileReference; includeInIndex = 1; lastKnownFileType = text.xcconfig; name = "Pods-TwitchTheTatMan.debug.xcconfig"; path = "Pods/Target Support Files/Pods-TwitchTheTatMan/Pods-TwitchTheTatMan.debug.xcconfig"; sourceTree = "<group>"; };
/* End PBXFileReference section */

/* Begin PBXFrameworksBuildPhase section */
		7D0C49821DB0872D001B05B9 /* Frameworks */ = {
			isa = PBXFrameworksBuildPhase;
			buildActionMask = 2147483647;
			files = (
				1C089046081BD27F35603417 /* Pods_TwitchTheTatMan.framework in Frameworks */,
			);
			runOnlyForDeploymentPostprocessing = 0;
		};
		7D0C49931DB0872D001B05B9 /* Frameworks */ = {
			isa = PBXFrameworksBuildPhase;
			buildActionMask = 2147483647;
			files = (
				10B74844BDC2EEF297689DCC /* Pods_TwitchTheTatManTests.framework in Frameworks */,
			);
			runOnlyForDeploymentPostprocessing = 0;
		};
/* End PBXFrameworksBuildPhase section */

/* Begin PBXGroup section */
		3408445BB8541514AA62F8EF /* Pods */ = {
			isa = PBXGroup;
			children = (
				BEC20F0E4F679F37ED6EB9B5 /* Pods-TwitchTheTatMan.debug.xcconfig */,
				0D6F7257E2F195D5ABBEDF4C /* Pods-TwitchTheTatMan.release.xcconfig */,
				7988502186D14E07D5DEC359 /* Pods-TwitchTheTatManTests.debug.xcconfig */,
				2A05EB86AC125957CA53ED07 /* Pods-TwitchTheTatManTests.release.xcconfig */,
			);
			name = Pods;
			sourceTree = "<group>";
		};
		4010D5DF7E973F1B5A5B9F28 /* Frameworks */ = {
			isa = PBXGroup;
			children = (
				B3BD92598C02D639A31CC9EF /* Pods_TwitchTheTatMan.framework */,
				844BA00927B2EA320677BA1C /* Pods_TwitchTheTatManTests.framework */,
			);
			name = Frameworks;
			sourceTree = "<group>";
		};
		7D0C497C1DB0872D001B05B9 = {
			isa = PBXGroup;
			children = (
				7D0C49871DB0872D001B05B9 /* TwitchTheTatMan */,
				7D0C49991DB0872D001B05B9 /* TwitchTheTatManTests */,
				7D0C49861DB0872D001B05B9 /* Products */,
				3408445BB8541514AA62F8EF /* Pods */,
				4010D5DF7E973F1B5A5B9F28 /* Frameworks */,
			);
			sourceTree = "<group>";
		};
		7D0C49861DB0872D001B05B9 /* Products */ = {
			isa = PBXGroup;
			children = (
				7D0C49851DB0872D001B05B9 /* TwitchTheTatMan.app */,
				7D0C49961DB0872D001B05B9 /* TwitchTheTatManTests.xctest */,
			);
			name = Products;
			sourceTree = "<group>";
		};
		7D0C49871DB0872D001B05B9 /* TwitchTheTatMan */ = {
			isa = PBXGroup;
			children = (
				7D0C49881DB0872D001B05B9 /* AppDelegate.swift */,
				7D0C498A1DB0872D001B05B9 /* ViewController.swift */,
				7D0C498C1DB0872D001B05B9 /* Main.storyboard */,
				7D0C498F1DB0872D001B05B9 /* Assets.xcassets */,
				7D0C49911DB0872D001B05B9 /* Info.plist */,
				7DA8B00B1DB0890F00046277 /* Constants.swift */,
				7DA8B00D1DB08B5300046277 /* TwitchClient.swift */,
			);
			path = TwitchTheTatMan;
			sourceTree = "<group>";
		};
		7D0C49991DB0872D001B05B9 /* TwitchTheTatManTests */ = {
			isa = PBXGroup;
			children = (
				7D0C499A1DB0872D001B05B9 /* TwitchTheTatManTests.swift */,
				7D0C499C1DB0872D001B05B9 /* Info.plist */,
			);
			path = TwitchTheTatManTests;
			sourceTree = "<group>";
		};
/* End PBXGroup section */

/* Begin PBXNativeTarget section */
		7D0C49841DB0872D001B05B9 /* TwitchTheTatMan */ = {
			isa = PBXNativeTarget;
			buildConfigurationList = 7D0C499F1DB0872D001B05B9 /* Build configuration list for PBXNativeTarget "TwitchTheTatMan" */;
			buildPhases = (
				B2E14A9467F48E909706CC88 /* [CP] Check Pods Manifest.lock */,
				7D0C49811DB0872D001B05B9 /* Sources */,
				7D0C49821DB0872D001B05B9 /* Frameworks */,
				7D0C49831DB0872D001B05B9 /* Resources */,
				D257A2FBFC9890C6F6E4D7EC /* [CP] Embed Pods Frameworks */,
				4C0DF1EADF875E5BF860025C /* [CP] Copy Pods Resources */,
			);
			buildRules = (
			);
			dependencies = (
			);
			name = TwitchTheTatMan;
			productName = TwitchTheTatMan;
			productReference = 7D0C49851DB0872D001B05B9 /* TwitchTheTatMan.app */;
			productType = "com.apple.product-type.application";
		};
		7D0C49951DB0872D001B05B9 /* TwitchTheTatManTests */ = {
			isa = PBXNativeTarget;
			buildConfigurationList = 7D0C49A21DB0872D001B05B9 /* Build configuration list for PBXNativeTarget "TwitchTheTatManTests" */;
			buildPhases = (
				257BE5BD316B3239D4BA4F73 /* [CP] Check Pods Manifest.lock */,
				7D0C49921DB0872D001B05B9 /* Sources */,
				7D0C49931DB0872D001B05B9 /* Frameworks */,
				7D0C49941DB0872D001B05B9 /* Resources */,
				E1080C02996BA99CC3933243 /* [CP] Embed Pods Frameworks */,
				C4B143E79E4967E69E11A0E1 /* [CP] Copy Pods Resources */,
			);
			buildRules = (
			);
			dependencies = (
				7D0C49981DB0872D001B05B9 /* PBXTargetDependency */,
			);
			name = TwitchTheTatManTests;
			productName = TwitchTheTatManTests;
			productReference = 7D0C49961DB0872D001B05B9 /* TwitchTheTatManTests.xctest */;
			productType = "com.apple.product-type.bundle.unit-test";
		};
/* End PBXNativeTarget section */

/* Begin PBXProject section */
		7D0C497D1DB0872D001B05B9 /* Project object */ = {
			isa = PBXProject;
			attributes = {
				LastSwiftUpdateCheck = 0800;
				LastUpgradeCheck = 0800;
				ORGANIZATIONNAME = "Gamesmith, LLC";
				TargetAttributes = {
					7D0C49841DB0872D001B05B9 = {
						CreatedOnToolsVersion = 8.0;
						DevelopmentTeam = 3E2QGNXM7N;
						ProvisioningStyle = Automatic;
					};
					7D0C49951DB0872D001B05B9 = {
						CreatedOnToolsVersion = 8.0;
						DevelopmentTeam = 3E2QGNXM7N;
						ProvisioningStyle = Automatic;
						TestTargetID = 7D0C49841DB0872D001B05B9;
					};
				};
			};
			buildConfigurationList = 7D0C49801DB0872D001B05B9 /* Build configuration list for PBXProject "TwitchTheTatMan" */;
			compatibilityVersion = "Xcode 3.2";
			developmentRegion = English;
			hasScannedForEncodings = 0;
			knownRegions = (
				en,
				Base,
			);
			mainGroup = 7D0C497C1DB0872D001B05B9;
			productRefGroup = 7D0C49861DB0872D001B05B9 /* Products */;
			projectDirPath = "";
			projectRoot = "";
			targets = (
				7D0C49841DB0872D001B05B9 /* TwitchTheTatMan */,
				7D0C49951DB0872D001B05B9 /* TwitchTheTatManTests */,
			);
		};
/* End PBXProject section */

/* Begin PBXResourcesBuildPhase section */
		7D0C49831DB0872D001B05B9 /* Resources */ = {
			isa = PBXResourcesBuildPhase;
			buildActionMask = 2147483647;
			files = (
				7D0C49901DB0872D001B05B9 /* Assets.xcassets in Resources */,
				7D0C498E1DB0872D001B05B9 /* Main.storyboard in Resources */,
			);
			runOnlyForDeploymentPostprocessing = 0;
		};
		7D0C49941DB0872D001B05B9 /* Resources */ = {
			isa = PBXResourcesBuildPhase;
			buildActionMask = 2147483647;
			files = (
			);
			runOnlyForDeploymentPostprocessing = 0;
		};
/* End PBXResourcesBuildPhase section */

/* Begin PBXShellScriptBuildPhase section */
		257BE5BD316B3239D4BA4F73 /* [CP] Check Pods Manifest.lock */ = {
			isa = PBXShellScriptBuildPhase;
			buildActionMask = 2147483647;
			files = (
			);
			inputPaths = (
			);
			name = "[CP] Check Pods Manifest.lock";
			outputPaths = (
			);
			runOnlyForDeploymentPostprocessing = 0;
			shellPath = /bin/sh;
			shellScript = "diff \"${PODS_ROOT}/../Podfile.lock\" \"${PODS_ROOT}/Manifest.lock\" > /dev/null\nif [[ $? != 0 ]] ; then\n    cat << EOM\nerror: The sandbox is not in sync with the Podfile.lock. Run 'pod install' or update your CocoaPods installation.\nEOM\n    exit 1\nfi\n";
			showEnvVarsInLog = 0;
		};
		4C0DF1EADF875E5BF860025C /* [CP] Copy Pods Resources */ = {
			isa = PBXShellScriptBuildPhase;
			buildActionMask = 2147483647;
			files = (
			);
			inputPaths = (
			);
			name = "[CP] Copy Pods Resources";
			outputPaths = (
			);
			runOnlyForDeploymentPostprocessing = 0;
			shellPath = /bin/sh;
			shellScript = "\"${SRCROOT}/Pods/Target Support Files/Pods-TwitchTheTatMan/Pods-TwitchTheTatMan-resources.sh\"\n";
			showEnvVarsInLog = 0;
		};
		B2E14A9467F48E909706CC88 /* [CP] Check Pods Manifest.lock */ = {
			isa = PBXShellScriptBuildPhase;
			buildActionMask = 2147483647;
			files = (
			);
			inputPaths = (
			);
			name = "[CP] Check Pods Manifest.lock";
			outputPaths = (
			);
			runOnlyForDeploymentPostprocessing = 0;
			shellPath = /bin/sh;
			shellScript = "diff \"${PODS_ROOT}/../Podfile.lock\" \"${PODS_ROOT}/Manifest.lock\" > /dev/null\nif [[ $? != 0 ]] ; then\n    cat << EOM\nerror: The sandbox is not in sync with the Podfile.lock. Run 'pod install' or update your CocoaPods installation.\nEOM\n    exit 1\nfi\n";
			showEnvVarsInLog = 0;
		};
		C4B143E79E4967E69E11A0E1 /* [CP] Copy Pods Resources */ = {
			isa = PBXShellScriptBuildPhase;
			buildActionMask = 2147483647;
			files = (
			);
			inputPaths = (
			);
			name = "[CP] Copy Pods Resources";
			outputPaths = (
			);
			runOnlyForDeploymentPostprocessing = 0;
			shellPath = /bin/sh;
			shellScript = "\"${SRCROOT}/Pods/Target Support Files/Pods-TwitchTheTatManTests/Pods-TwitchTheTatManTests-resources.sh\"\n";
			showEnvVarsInLog = 0;
		};
		D257A2FBFC9890C6F6E4D7EC /* [CP] Embed Pods Frameworks */ = {
			isa = PBXShellScriptBuildPhase;
			buildActionMask = 2147483647;
			files = (
			);
			inputPaths = (
			);
			name = "[CP] Embed Pods Frameworks";
			outputPaths = (
			);
			runOnlyForDeploymentPostprocessing = 0;
			shellPath = /bin/sh;
			shellScript = "\"${SRCROOT}/Pods/Target Support Files/Pods-TwitchTheTatMan/Pods-TwitchTheTatMan-frameworks.sh\"\n";
			showEnvVarsInLog = 0;
		};
		E1080C02996BA99CC3933243 /* [CP] Embed Pods Frameworks */ = {
			isa = PBXShellScriptBuildPhase;
			buildActionMask = 2147483647;
			files = (
			);
			inputPaths = (
			);
			name = "[CP] Embed Pods Frameworks";
			outputPaths = (
			);
			runOnlyForDeploymentPostprocessing = 0;
			shellPath = /bin/sh;
			shellScript = "\"${SRCROOT}/Pods/Target Support Files/Pods-TwitchTheTatManTests/Pods-TwitchTheTatManTests-frameworks.sh\"\n";
			showEnvVarsInLog = 0;
		};
/* End PBXShellScriptBuildPhase section */

/* Begin PBXSourcesBuildPhase section */
		7D0C49811DB0872D001B05B9 /* Sources */ = {
			isa = PBXSourcesBuildPhase;
			buildActionMask = 2147483647;
			files = (
				7D0C498B1DB0872D001B05B9 /* ViewController.swift in Sources */,
				7D0C49891DB0872D001B05B9 /* AppDelegate.swift in Sources */,
				7DA8B00C1DB0890F00046277 /* Constants.swift in Sources */,
				7DA8B00E1DB08B5300046277 /* TwitchClient.swift in Sources */,
			);
			runOnlyForDeploymentPostprocessing = 0;
		};
		7D0C49921DB0872D001B05B9 /* Sources */ = {
			isa = PBXSourcesBuildPhase;
			buildActionMask = 2147483647;
			files = (
				7D0C499B1DB0872D001B05B9 /* TwitchTheTatManTests.swift in Sources */,
			);
			runOnlyForDeploymentPostprocessing = 0;
		};
/* End PBXSourcesBuildPhase section */

/* Begin PBXTargetDependency section */
		7D0C49981DB0872D001B05B9 /* PBXTargetDependency */ = {
			isa = PBXTargetDependency;
			target = 7D0C49841DB0872D001B05B9 /* TwitchTheTatMan */;
			targetProxy = 7D0C49971DB0872D001B05B9 /* PBXContainerItemProxy */;
		};
/* End PBXTargetDependency section */

/* Begin PBXVariantGroup section */
		7D0C498C1DB0872D001B05B9 /* Main.storyboard */ = {
			isa = PBXVariantGroup;
			children = (
				7D0C498D1DB0872D001B05B9 /* Base */,
			);
			name = Main.storyboard;
			sourceTree = "<group>";
		};
/* End PBXVariantGroup section */

/* Begin XCBuildConfiguration section */
		7D0C499D1DB0872D001B05B9 /* Debug */ = {
			isa = XCBuildConfiguration;
			buildSettings = {
				ALWAYS_SEARCH_USER_PATHS = NO;
				CLANG_ANALYZER_NONNULL = YES;
				CLANG_CXX_LANGUAGE_STANDARD = "gnu++0x";
				CLANG_CXX_LIBRARY = "libc++";
				CLANG_ENABLE_MODULES = YES;
				CLANG_ENABLE_OBJC_ARC = YES;
				CLANG_WARN_BOOL_CONVERSION = YES;
				CLANG_WARN_CONSTANT_CONVERSION = YES;
				CLANG_WARN_DIRECT_OBJC_ISA_USAGE = YES_ERROR;
				CLANG_WARN_DOCUMENTATION_COMMENTS = YES;
				CLANG_WARN_EMPTY_BODY = YES;
				CLANG_WARN_ENUM_CONVERSION = YES;
				CLANG_WARN_INFINITE_RECURSION = YES;
				CLANG_WARN_INT_CONVERSION = YES;
				CLANG_WARN_OBJC_ROOT_CLASS = YES_ERROR;
				CLANG_WARN_SUSPICIOUS_MOVES = YES;
				CLANG_WARN_UNREACHABLE_CODE = YES;
				CLANG_WARN__DUPLICATE_METHOD_MATCH = YES;
				COPY_PHASE_STRIP = NO;
				DEBUG_INFORMATION_FORMAT = dwarf;
				ENABLE_STRICT_OBJC_MSGSEND = YES;
				ENABLE_TESTABILITY = YES;
				GCC_C_LANGUAGE_STANDARD = gnu99;
				GCC_DYNAMIC_NO_PIC = NO;
				GCC_NO_COMMON_BLOCKS = YES;
				GCC_OPTIMIZATION_LEVEL = 0;
				GCC_PREPROCESSOR_DEFINITIONS = (
					"DEBUG=1",
					"$(inherited)",
				);
				GCC_WARN_64_TO_32_BIT_CONVERSION = YES;
				GCC_WARN_ABOUT_RETURN_TYPE = YES_ERROR;
				GCC_WARN_UNDECLARED_SELECTOR = YES;
				GCC_WARN_UNINITIALIZED_AUTOS = YES_AGGRESSIVE;
				GCC_WARN_UNUSED_FUNCTION = YES;
				GCC_WARN_UNUSED_VARIABLE = YES;
				MTL_ENABLE_DEBUG_INFO = YES;
				ONLY_ACTIVE_ARCH = YES;
				SDKROOT = appletvos;
				SWIFT_ACTIVE_COMPILATION_CONDITIONS = DEBUG;
				SWIFT_OPTIMIZATION_LEVEL = "-Onone";
				TARGETED_DEVICE_FAMILY = 3;
				TVOS_DEPLOYMENT_TARGET = 10.0;
			};
			name = Debug;
		};
		7D0C499E1DB0872D001B05B9 /* Release */ = {
			isa = XCBuildConfiguration;
			buildSettings = {
				ALWAYS_SEARCH_USER_PATHS = NO;
				CLANG_ANALYZER_NONNULL = YES;
				CLANG_CXX_LANGUAGE_STANDARD = "gnu++0x";
				CLANG_CXX_LIBRARY = "libc++";
				CLANG_ENABLE_MODULES = YES;
				CLANG_ENABLE_OBJC_ARC = YES;
				CLANG_WARN_BOOL_CONVERSION = YES;
				CLANG_WARN_CONSTANT_CONVERSION = YES;
				CLANG_WARN_DIRECT_OBJC_ISA_USAGE = YES_ERROR;
				CLANG_WARN_DOCUMENTATION_COMMENTS = YES;
				CLANG_WARN_EMPTY_BODY = YES;
				CLANG_WARN_ENUM_CONVERSION = YES;
				CLANG_WARN_INFINITE_RECURSION = YES;
				CLANG_WARN_INT_CONVERSION = YES;
				CLANG_WARN_OBJC_ROOT_CLASS = YES_ERROR;
				CLANG_WARN_SUSPICIOUS_MOVES = YES;
				CLANG_WARN_UNREACHABLE_CODE = YES;
				CLANG_WARN__DUPLICATE_METHOD_MATCH = YES;
				COPY_PHASE_STRIP = NO;
				DEBUG_INFORMATION_FORMAT = "dwarf-with-dsym";
				ENABLE_NS_ASSERTIONS = NO;
				ENABLE_STRICT_OBJC_MSGSEND = YES;
				GCC_C_LANGUAGE_STANDARD = gnu99;
				GCC_NO_COMMON_BLOCKS = YES;
				GCC_WARN_64_TO_32_BIT_CONVERSION = YES;
				GCC_WARN_ABOUT_RETURN_TYPE = YES_ERROR;
				GCC_WARN_UNDECLARED_SELECTOR = YES;
				GCC_WARN_UNINITIALIZED_AUTOS = YES_AGGRESSIVE;
				GCC_WARN_UNUSED_FUNCTION = YES;
				GCC_WARN_UNUSED_VARIABLE = YES;
				MTL_ENABLE_DEBUG_INFO = NO;
				SDKROOT = appletvos;
				SWIFT_OPTIMIZATION_LEVEL = "-Owholemodule";
				TARGETED_DEVICE_FAMILY = 3;
				TVOS_DEPLOYMENT_TARGET = 10.0;
				VALIDATE_PRODUCT = YES;
			};
			name = Release;
		};
		7D0C49A01DB0872D001B05B9 /* Debug */ = {
			isa = XCBuildConfiguration;
			baseConfigurationReference = BEC20F0E4F679F37ED6EB9B5 /* Pods-TwitchTheTatMan.debug.xcconfig */;
			buildSettings = {
				ASSETCATALOG_COMPILER_APPICON_NAME = "App Icon & Top Shelf Image";
				ASSETCATALOG_COMPILER_LAUNCHIMAGE_NAME = LaunchImage;
				DEVELOPMENT_TEAM = 3E2QGNXM7N;
				INFOPLIST_FILE = TwitchTheTatMan/Info.plist;
				LD_RUNPATH_SEARCH_PATHS = "$(inherited) @executable_path/Frameworks";
				PRODUCT_BUNDLE_IDENTIFIER = com.Gamesmith.Swift.TwitchTheTatMan;
				PRODUCT_NAME = "$(TARGET_NAME)";
				SWIFT_VERSION = 3.0;
			};
			name = Debug;
		};
		7D0C49A11DB0872D001B05B9 /* Release */ = {
			isa = XCBuildConfiguration;
			baseConfigurationReference = 0D6F7257E2F195D5ABBEDF4C /* Pods-TwitchTheTatMan.release.xcconfig */;
			buildSettings = {
				ASSETCATALOG_COMPILER_APPICON_NAME = "App Icon & Top Shelf Image";
				ASSETCATALOG_COMPILER_LAUNCHIMAGE_NAME = LaunchImage;
				DEVELOPMENT_TEAM = 3E2QGNXM7N;
				INFOPLIST_FILE = TwitchTheTatMan/Info.plist;
				LD_RUNPATH_SEARCH_PATHS = "$(inherited) @executable_path/Frameworks";
				PRODUCT_BUNDLE_IDENTIFIER = com.Gamesmith.Swift.TwitchTheTatMan;
				PRODUCT_NAME = "$(TARGET_NAME)";
				SWIFT_VERSION = 3.0;
			};
			name = Release;
		};
		7D0C49A31DB0872D001B05B9 /* Debug */ = {
			isa = XCBuildConfiguration;
			baseConfigurationReference = 7988502186D14E07D5DEC359 /* Pods-TwitchTheTatManTests.debug.xcconfig */;
			buildSettings = {
				ALWAYS_EMBED_SWIFT_STANDARD_LIBRARIES = YES;
				BUNDLE_LOADER = "$(TEST_HOST)";
				DEVELOPMENT_TEAM = 3E2QGNXM7N;
				INFOPLIST_FILE = TwitchTheTatManTests/Info.plist;
				LD_RUNPATH_SEARCH_PATHS = "$(inherited) @executable_path/Frameworks @loader_path/Frameworks";
				PRODUCT_BUNDLE_IDENTIFIER = com.Gamesmith.Swift.TwitchTheTatManTests;
				PRODUCT_NAME = "$(TARGET_NAME)";
				SWIFT_VERSION = 3.0;
				TEST_HOST = "$(BUILT_PRODUCTS_DIR)/TwitchTheTatMan.app/TwitchTheTatMan";
			};
			name = Debug;
		};
		7D0C49A41DB0872D001B05B9 /* Release */ = {
			isa = XCBuildConfiguration;
			baseConfigurationReference = 2A05EB86AC125957CA53ED07 /* Pods-TwitchTheTatManTests.release.xcconfig */;
			buildSettings = {
				ALWAYS_EMBED_SWIFT_STANDARD_LIBRARIES = YES;
				BUNDLE_LOADER = "$(TEST_HOST)";
				DEVELOPMENT_TEAM = 3E2QGNXM7N;
				INFOPLIST_FILE = TwitchTheTatManTests/Info.plist;
				LD_RUNPATH_SEARCH_PATHS = "$(inherited) @executable_path/Frameworks @loader_path/Frameworks";
				PRODUCT_BUNDLE_IDENTIFIER = com.Gamesmith.Swift.TwitchTheTatManTests;
				PRODUCT_NAME = "$(TARGET_NAME)";
				SWIFT_VERSION = 3.0;
				TEST_HOST = "$(BUILT_PRODUCTS_DIR)/TwitchTheTatMan.app/TwitchTheTatMan";
			};
			name = Release;
		};
/* End XCBuildConfiguration section */

/* Begin XCConfigurationList section */
		7D0C49801DB0872D001B05B9 /* Build configuration list for PBXProject "TwitchTheTatMan" */ = {
			isa = XCConfigurationList;
			buildConfigurations = (
				7D0C499D1DB0872D001B05B9 /* Debug */,
				7D0C499E1DB0872D001B05B9 /* Release */,
			);
			defaultConfigurationIsVisible = 0;
			defaultConfigurationName = Release;
		};
		7D0C499F1DB0872D001B05B9 /* Build configuration list for PBXNativeTarget "TwitchTheTatMan" */ = {
			isa = XCConfigurationList;
			buildConfigurations = (
				7D0C49A01DB0872D001B05B9 /* Debug */,
				7D0C49A11DB0872D001B05B9 /* Release */,
			);
			defaultConfigurationIsVisible = 0;
			defaultConfigurationName = Release;
		};
		7D0C49A21DB0872D001B05B9 /* Build configuration list for PBXNativeTarget "TwitchTheTatManTests" */ = {
			isa = XCConfigurationList;
			buildConfigurations = (
				7D0C49A31DB0872D001B05B9 /* Debug */,
				7D0C49A41DB0872D001B05B9 /* Release */,
			);
			defaultConfigurationIsVisible = 0;
			defaultConfigurationName = Release;
		};
/* End XCConfigurationList section */
	};
	rootObject = 7D0C497D1DB0872D001B05B9 /* Project object */;
}
